// !$*UTF8*$!
{
	archiveVersion = 1;
	classes = {
	};
	objectVersion = 48;
	objects = {

/* Begin PBXBuildFile section */
		CE1B4731209C292300189F98 /* AppDelegate.m in Sources */ = {isa = PBXBuildFile; fileRef = CE1B4730209C292300189F98 /* AppDelegate.m */; };
		CE1B4734209C292300189F98 /* ViewController.m in Sources */ = {isa = PBXBuildFile; fileRef = CE1B4733209C292300189F98 /* ViewController.m */; };
		CE1B4737209C292300189F98 /* Main.storyboard in Resources */ = {isa = PBXBuildFile; fileRef = CE1B4735209C292300189F98 /* Main.storyboard */; };
		CE1B4739209C292300189F98 /* Assets.xcassets in Resources */ = {isa = PBXBuildFile; fileRef = CE1B4738209C292300189F98 /* Assets.xcassets */; };
		CE1B473C209C292300189F98 /* LaunchScreen.storyboard in Resources */ = {isa = PBXBuildFile; fileRef = CE1B473A209C292300189F98 /* LaunchScreen.storyboard */; };
		CE1B473F209C292300189F98 /* main.m in Sources */ = {isa = PBXBuildFile; fileRef = CE1B473E209C292300189F98 /* main.m */; };
		CE1B4748209C2A5C00189F98 /* NetWorkClient.m in Sources */ = {isa = PBXBuildFile; fileRef = CE1B4747209C2A5C00189F98 /* NetWorkClient.m */; };
		D6B8401A141A08CF27CEFB07 /* libPods-NetWork.a in Frameworks */ = {isa = PBXBuildFile; fileRef = F1ED6E2F9D7F5527CD507104 /* libPods-NetWork.a */; };
/* End PBXBuildFile section */

/* Begin PBXFileReference section */
		37B6F2DE840F1FD1D75B0022 /* Pods-NetWork.debug.xcconfig */ = {isa = PBXFileReference; includeInIndex = 1; lastKnownFileType = text.xcconfig; name = "Pods-NetWork.debug.xcconfig"; path = "Pods/Target Support Files/Pods-NetWork/Pods-NetWork.debug.xcconfig"; sourceTree = "<group>"; };
		CE1B472C209C292300189F98 /* NetWork.app */ = {isa = PBXFileReference; explicitFileType = wrapper.application; includeInIndex = 0; path = NetWork.app; sourceTree = BUILT_PRODUCTS_DIR; };
		CE1B472F209C292300189F98 /* AppDelegate.h */ = {isa = PBXFileReference; lastKnownFileType = sourcecode.c.h; path = AppDelegate.h; sourceTree = "<group>"; };
		CE1B4730209C292300189F98 /* AppDelegate.m */ = {isa = PBXFileReference; lastKnownFileType = sourcecode.c.objc; path = AppDelegate.m; sourceTree = "<group>"; };
		CE1B4732209C292300189F98 /* ViewController.h */ = {isa = PBXFileReference; lastKnownFileType = sourcecode.c.h; path = ViewController.h; sourceTree = "<group>"; };
		CE1B4733209C292300189F98 /* ViewController.m */ = {isa = PBXFileReference; lastKnownFileType = sourcecode.c.objc; path = ViewController.m; sourceTree = "<group>"; };
		CE1B4736209C292300189F98 /* Base */ = {isa = PBXFileReference; lastKnownFileType = file.storyboard; name = Base; path = Base.lproj/Main.storyboard; sourceTree = "<group>"; };
		CE1B4738209C292300189F98 /* Assets.xcassets */ = {isa = PBXFileReference; lastKnownFileType = folder.assetcatalog; path = Assets.xcassets; sourceTree = "<group>"; };
		CE1B473B209C292300189F98 /* Base */ = {isa = PBXFileReference; lastKnownFileType = file.storyboard; name = Base; path = Base.lproj/LaunchScreen.storyboard; sourceTree = "<group>"; };
		CE1B473D209C292300189F98 /* Info.plist */ = {isa = PBXFileReference; lastKnownFileType = text.plist.xml; path = Info.plist; sourceTree = "<group>"; };
		CE1B473E209C292300189F98 /* main.m */ = {isa = PBXFileReference; lastKnownFileType = sourcecode.c.objc; path = main.m; sourceTree = "<group>"; };
		CE1B4746209C2A5C00189F98 /* NetWorkClient.h */ = {isa = PBXFileReference; lastKnownFileType = sourcecode.c.h; path = NetWorkClient.h; sourceTree = "<group>"; };
		CE1B4747209C2A5C00189F98 /* NetWorkClient.m */ = {isa = PBXFileReference; lastKnownFileType = sourcecode.c.objc; path = NetWorkClient.m; sourceTree = "<group>"; };
		E7F2BFF7026508058EB0F1DB /* Pods-NetWork.release.xcconfig */ = {isa = PBXFileReference; includeInIndex = 1; lastKnownFileType = text.xcconfig; name = "Pods-NetWork.release.xcconfig"; path = "Pods/Target Support Files/Pods-NetWork/Pods-NetWork.release.xcconfig"; sourceTree = "<group>"; };
		F1ED6E2F9D7F5527CD507104 /* libPods-NetWork.a */ = {isa = PBXFileReference; explicitFileType = archive.ar; includeInIndex = 0; path = "libPods-NetWork.a"; sourceTree = BUILT_PRODUCTS_DIR; };
/* End PBXFileReference section */

/* Begin PBXFrameworksBuildPhase section */
		CE1B4729209C292300189F98 /* Frameworks */ = {
			isa = PBXFrameworksBuildPhase;
			buildActionMask = 2147483647;
			files = (
				D6B8401A141A08CF27CEFB07 /* libPods-NetWork.a in Frameworks */,
			);
			runOnlyForDeploymentPostprocessing = 0;
		};
/* End PBXFrameworksBuildPhase section */

/* Begin PBXGroup section */
		2C5A8B26F9D52C3B2CE19B30 /* Pods */ = {
			isa = PBXGroup;
			children = (
				37B6F2DE840F1FD1D75B0022 /* Pods-NetWork.debug.xcconfig */,
				E7F2BFF7026508058EB0F1DB /* Pods-NetWork.release.xcconfig */,
			);
			name = Pods;
			sourceTree = "<group>";
		};
		4317974E29DFB4C5F202B31B /* Frameworks */ = {
			isa = PBXGroup;
			children = (
				F1ED6E2F9D7F5527CD507104 /* libPods-NetWork.a */,
			);
			name = Frameworks;
			sourceTree = "<group>";
		};
		CE1B4723209C292200189F98 = {
			isa = PBXGroup;
			children = (
				CE1B472E209C292300189F98 /* NetWork */,
				CE1B472D209C292300189F98 /* Products */,
				2C5A8B26F9D52C3B2CE19B30 /* Pods */,
				4317974E29DFB4C5F202B31B /* Frameworks */,
			);
			sourceTree = "<group>";
		};
		CE1B472D209C292300189F98 /* Products */ = {
			isa = PBXGroup;
			children = (
				CE1B472C209C292300189F98 /* NetWork.app */,
			);
			name = Products;
			sourceTree = "<group>";
		};
		CE1B472E209C292300189F98 /* NetWork */ = {
			isa = PBXGroup;
			children = (
				CE1B472F209C292300189F98 /* AppDelegate.h */,
				CE1B4730209C292300189F98 /* AppDelegate.m */,
				CE1B4732209C292300189F98 /* ViewController.h */,
				CE1B4733209C292300189F98 /* ViewController.m */,
				CE1B4745209C293E00189F98 /* NetWork */,
				CE1B4735209C292300189F98 /* Main.storyboard */,
				CE1B4738209C292300189F98 /* Assets.xcassets */,
				CE1B473A209C292300189F98 /* LaunchScreen.storyboard */,
				CE1B473D209C292300189F98 /* Info.plist */,
				CE1B473E209C292300189F98 /* main.m */,
			);
			path = NetWork;
			sourceTree = "<group>";
		};
		CE1B4745209C293E00189F98 /* NetWork */ = {
			isa = PBXGroup;
			children = (
				CE1B4746209C2A5C00189F98 /* NetWorkClient.h */,
				CE1B4747209C2A5C00189F98 /* NetWorkClient.m */,
			);
			path = NetWork;
			sourceTree = "<group>";
		};
/* End PBXGroup section */

/* Begin PBXNativeTarget section */
		CE1B472B209C292300189F98 /* NetWork */ = {
			isa = PBXNativeTarget;
			buildConfigurationList = CE1B4742209C292300189F98 /* Build configuration list for PBXNativeTarget "NetWork" */;
			buildPhases = (
				816146BE6971ADE7BB989091 /* [CP] Check Pods Manifest.lock */,
				CE1B4728209C292300189F98 /* Sources */,
				CE1B4729209C292300189F98 /* Frameworks */,
				CE1B472A209C292300189F98 /* Resources */,
				D05788A161DF9199B67E5419 /* [CP] Embed Pods Frameworks */,
				25EBAC5E09F8803090F00ABB /* [CP] Copy Pods Resources */,
			);
			buildRules = (
			);
			dependencies = (
			);
			name = NetWork;
			productName = NetWork;
			productReference = CE1B472C209C292300189F98 /* NetWork.app */;
			productType = "com.apple.product-type.application";
		};
/* End PBXNativeTarget section */

/* Begin PBXProject section */
		CE1B4724209C292200189F98 /* Project object */ = {
			isa = PBXProject;
			attributes = {
				LastUpgradeCheck = 0910;
				ORGANIZATIONNAME = yuanfang;
				TargetAttributes = {
					CE1B472B209C292300189F98 = {
						CreatedOnToolsVersion = 9.1;
						ProvisioningStyle = Automatic;
					};
				};
			};
			buildConfigurationList = CE1B4727209C292200189F98 /* Build configuration list for PBXProject "NetWork" */;
			compatibilityVersion = "Xcode 8.0";
			developmentRegion = en;
			hasScannedForEncodings = 0;
			knownRegions = (
				en,
				Base,
			);
			mainGroup = CE1B4723209C292200189F98;
			productRefGroup = CE1B472D209C292300189F98 /* Products */;
			projectDirPath = "";
			projectRoot = "";
			targets = (
				CE1B472B209C292300189F98 /* NetWork */,
			);
		};
/* End PBXProject section */

/* Begin PBXResourcesBuildPhase section */
		CE1B472A209C292300189F98 /* Resources */ = {
			isa = PBXResourcesBuildPhase;
			buildActionMask = 2147483647;
			files = (
				CE1B473C209C292300189F98 /* LaunchScreen.storyboard in Resources */,
				CE1B4739209C292300189F98 /* Assets.xcassets in Resources */,
				CE1B4737209C292300189F98 /* Main.storyboard in Resources */,
			);
			runOnlyForDeploymentPostprocessing = 0;
		};
/* End PBXResourcesBuildPhase section */

/* Begin PBXShellScriptBuildPhase section */
		25EBAC5E09F8803090F00ABB /* [CP] Copy Pods Resources */ = {
			isa = PBXShellScriptBuildPhase;
			buildActionMask = 2147483647;
			files = (
			);
			inputPaths = (
			);
			name = "[CP] Copy Pods Resources";
			outputPaths = (
			);
			runOnlyForDeploymentPostprocessing = 0;
			shellPath = /bin/sh;
			shellScript = "\"${SRCROOT}/Pods/Target Support Files/Pods-NetWork/Pods-NetWork-resources.sh\"\n";
			showEnvVarsInLog = 0;
		};
		816146BE6971ADE7BB989091 /* [CP] Check Pods Manifest.lock */ = {
			isa = PBXShellScriptBuildPhase;
			buildActionMask = 2147483647;
			files = (
			);
			inputPaths = (
				"${PODS_PODFILE_DIR_PATH}/Podfile.lock",
				"${PODS_ROOT}/Manifest.lock",
			);
			name = "[CP] Check Pods Manifest.lock";
			outputPaths = (
				"$(DERIVED_FILE_DIR)/Pods-NetWork-checkManifestLockResult.txt",
			);
			runOnlyForDeploymentPostprocessing = 0;
			shellPath = /bin/sh;
			shellScript = "diff \"${PODS_PODFILE_DIR_PATH}/Podfile.lock\" \"${PODS_ROOT}/Manifest.lock\" > /dev/null\nif [ $? != 0 ] ; then\n    # print error to STDERR\n    echo \"error: The sandbox is not in sync with the Podfile.lock. Run 'pod install' or update your CocoaPods installation.\" >&2\n    exit 1\nfi\n# This output is used by Xcode 'outputs' to avoid re-running this script phase.\necho \"SUCCESS\" > \"${SCRIPT_OUTPUT_FILE_0}\"\n";
			showEnvVarsInLog = 0;
		};
		D05788A161DF9199B67E5419 /* [CP] Embed Pods Frameworks */ = {
			isa = PBXShellScriptBuildPhase;
			buildActionMask = 2147483647;
			files = (
			);
			inputPaths = (
			);
			name = "[CP] Embed Pods Frameworks";
			outputPaths = (
			);
			runOnlyForDeploymentPostprocessing = 0;
			shellPath = /bin/sh;
			shellScript = "\"${SRCROOT}/Pods/Target Support Files/Pods-NetWork/Pods-NetWork-frameworks.sh\"\n";
			showEnvVarsInLog = 0;
		};
/* End PBXShellScriptBuildPhase section */

/* Begin PBXSourcesBuildPhase section */
		CE1B4728209C292300189F98 /* Sources */ = {
			isa = PBXSourcesBuildPhase;
			buildActionMask = 2147483647;
			files = (
				CE1B4734209C292300189F98 /* ViewController.m in Sources */,
				CE1B473F209C292300189F98 /* main.m in Sources */,
				CE1B4731209C292300189F98 /* AppDelegate.m in Sources */,
				CE1B4748209C2A5C00189F98 /* NetWorkClient.m in Sources */,
			);
			runOnlyForDeploymentPostprocessing = 0;
		};
/* End PBXSourcesBuildPhase section */

/* Begin PBXVariantGroup section */
		CE1B4735209C292300189F98 /* Main.storyboard */ = {
			isa = PBXVariantGroup;
			children = (
				CE1B4736209C292300189F98 /* Base */,
			);
			name = Main.storyboard;
			sourceTree = "<group>";
		};
		CE1B473A209C292300189F98 /* LaunchScreen.storyboard */ = {
			isa = PBXVariantGroup;
			children = (
				CE1B473B209C292300189F98 /* Base */,
			);
			name = LaunchScreen.storyboard;
			sourceTree = "<group>";
		};
/* End PBXVariantGroup section */

/* Begin XCBuildConfiguration section */
		CE1B4740209C292300189F98 /* Debug */ = {
			isa = XCBuildConfiguration;
			buildSettings = {
				ALWAYS_SEARCH_USER_PATHS = NO;
				CLANG_ANALYZER_NONNULL = YES;
				CLANG_ANALYZER_NUMBER_OBJECT_CONVERSION = YES_AGGRESSIVE;
				CLANG_CXX_LANGUAGE_STANDARD = "gnu++14";
				CLANG_CXX_LIBRARY = "libc++";
				CLANG_ENABLE_MODULES = YES;
				CLANG_ENABLE_OBJC_ARC = YES;
				CLANG_WARN_BLOCK_CAPTURE_AUTORELEASING = YES;
				CLANG_WARN_BOOL_CONVERSION = YES;
				CLANG_WARN_COMMA = YES;
				CLANG_WARN_CONSTANT_CONVERSION = YES;
				CLANG_WARN_DIRECT_OBJC_ISA_USAGE = YES_ERROR;
				CLANG_WARN_DOCUMENTATION_COMMENTS = YES;
				CLANG_WARN_EMPTY_BODY = YES;
				CLANG_WARN_ENUM_CONVERSION = YES;
				CLANG_WARN_INFINITE_RECURSION = YES;
				CLANG_WARN_INT_CONVERSION = YES;
				CLANG_WARN_NON_LITERAL_NULL_CONVERSION = YES;
				CLANG_WARN_OBJC_LITERAL_CONVERSION = YES;
				CLANG_WARN_OBJC_ROOT_CLASS = YES_ERROR;
				CLANG_WARN_RANGE_LOOP_ANALYSIS = YES;
				CLANG_WARN_STRICT_PROTOTYPES = YES;
				CLANG_WARN_SUSPICIOUS_MOVE = YES;
				CLANG_WARN_UNGUARDED_AVAILABILITY = YES_AGGRESSIVE;
				CLANG_WARN_UNREACHABLE_CODE = YES;
				CLANG_WARN__DUPLICATE_METHOD_MATCH = YES;
				CODE_SIGN_IDENTITY = "iPhone Developer";
				COPY_PHASE_STRIP = NO;
				DEBUG_INFORMATION_FORMAT = dwarf;
				ENABLE_STRICT_OBJC_MSGSEND = YES;
				ENABLE_TESTABILITY = YES;
				GCC_C_LANGUAGE_STANDARD = gnu11;
				GCC_DYNAMIC_NO_PIC = NO;
				GCC_NO_COMMON_BLOCKS = YES;
				GCC_OPTIMIZATION_LEVEL = 0;
				GCC_PREPROCESSOR_DEFINITIONS = (
					"DEBUG=1",
					"$(inherited)",
				);
				GCC_WARN_64_TO_32_BIT_CONVERSION = YES;
				GCC_WARN_ABOUT_RETURN_TYPE = YES_ERROR;
				GCC_WARN_UNDECLARED_SELECTOR = YES;
				GCC_WARN_UNINITIALIZED_AUTOS = YES_AGGRESSIVE;
				GCC_WARN_UNUSED_FUNCTION = YES;
				GCC_WARN_UNUSED_VARIABLE = YES;
				IPHONEOS_DEPLOYMENT_TARGET = 11.1;
				MTL_ENABLE_DEBUG_INFO = YES;
				ONLY_ACTIVE_ARCH = YES;
				SDKROOT = iphoneos;
			};
			name = Debug;
		};
		CE1B4741209C292300189F98 /* Release */ = {
			isa = XCBuildConfiguration;
			buildSettings = {
				ALWAYS_SEARCH_USER_PATHS = NO;
				CLANG_ANALYZER_NONNULL = YES;
				CLANG_ANALYZER_NUMBER_OBJECT_CONVERSION = YES_AGGRESSIVE;
				CLANG_CXX_LANGUAGE_STANDARD = "gnu++14";
				CLANG_CXX_LIBRARY = "libc++";
				CLANG_ENABLE_MODULES = YES;
				CLANG_ENABLE_OBJC_ARC = YES;
				CLANG_WARN_BLOCK_CAPTURE_AUTORELEASING = YES;
				CLANG_WARN_BOOL_CONVERSION = YES;
				CLANG_WARN_COMMA = YES;
				CLANG_WARN_CONSTANT_CONVERSION = YES;
				CLANG_WARN_DIRECT_OBJC_ISA_USAGE = YES_ERROR;
				CLANG_WARN_DOCUMENTATION_COMMENTS = YES;
				CLANG_WARN_EMPTY_BODY = YES;
				CLANG_WARN_ENUM_CONVERSION = YES;
				CLANG_WARN_INFINITE_RECURSION = YES;
				CLANG_WARN_INT_CONVERSION = YES;
				CLANG_WARN_NON_LITERAL_NULL_CONVERSION = YES;
				CLANG_WARN_OBJC_LITERAL_CONVERSION = YES;
				CLANG_WARN_OBJC_ROOT_CLASS = YES_ERROR;
				CLANG_WARN_RANGE_LOOP_ANALYSIS = YES;
				CLANG_WARN_STRICT_PROTOTYPES = YES;
				CLANG_WARN_SUSPICIOUS_MOVE = YES;
				CLANG_WARN_UNGUARDED_AVAILABILITY = YES_AGGRESSIVE;
				CLANG_WARN_UNREACHABLE_CODE = YES;
				CLANG_WARN__DUPLICATE_METHOD_MATCH = YES;
				CODE_SIGN_IDENTITY = "iPhone Developer";
				COPY_PHASE_STRIP = NO;
				DEBUG_INFORMATION_FORMAT = "dwarf-with-dsym";
				ENABLE_NS_ASSERTIONS = NO;
				ENABLE_STRICT_OBJC_MSGSEND = YES;
				GCC_C_LANGUAGE_STANDARD = gnu11;
				GCC_NO_COMMON_BLOCKS = YES;
				GCC_WARN_64_TO_32_BIT_CONVERSION = YES;
				GCC_WARN_ABOUT_RETURN_TYPE = YES_ERROR;
				GCC_WARN_UNDECLARED_SELECTOR = YES;
				GCC_WARN_UNINITIALIZED_AUTOS = YES_AGGRESSIVE;
				GCC_WARN_UNUSED_FUNCTION = YES;
				GCC_WARN_UNUSED_VARIABLE = YES;
				IPHONEOS_DEPLOYMENT_TARGET = 11.1;
				MTL_ENABLE_DEBUG_INFO = NO;
				SDKROOT = iphoneos;
				VALIDATE_PRODUCT = YES;
			};
			name = Release;
		};
		CE1B4743209C292300189F98 /* Debug */ = {
			isa = XCBuildConfiguration;
			baseConfigurationReference = 37B6F2DE840F1FD1D75B0022 /* Pods-NetWork.debug.xcconfig */;
			buildSettings = {
				ASSETCATALOG_COMPILER_APPICON_NAME = AppIcon;
				CODE_SIGN_STYLE = Automatic;
				INFOPLIST_FILE = NetWork/Info.plist;
				LD_RUNPATH_SEARCH_PATHS = "$(inherited) @executable_path/Frameworks";
				PRODUCT_BUNDLE_IDENTIFIER = com.cai.NetWork;
				PRODUCT_NAME = "$(TARGET_NAME)";
				TARGETED_DEVICE_FAMILY = "1,2";
			};
			name = Debug;
		};
		CE1B4744209C292300189F98 /* Release */ = {
			isa = XCBuildConfiguration;
			baseConfigurationReference = E7F2BFF7026508058EB0F1DB /* Pods-NetWork.release.xcconfig */;
			buildSettings = {
				ASSETCATALOG_COMPILER_APPICON_NAME = AppIcon;
				CODE_SIGN_STYLE = Automatic;
				INFOPLIST_FILE = NetWork/Info.plist;
				LD_RUNPATH_SEARCH_PATHS = "$(inherited) @executable_path/Frameworks";
				PRODUCT_BUNDLE_IDENTIFIER = com.cai.NetWork;
				PRODUCT_NAME = "$(TARGET_NAME)";
				TARGETED_DEVICE_FAMILY = "1,2";
			};
			name = Release;
		};
/* End XCBuildConfiguration section */

/* Begin XCConfigurationList section */
		CE1B4727209C292200189F98 /* Build configuration list for PBXProject "NetWork" */ = {
			isa = XCConfigurationList;
			buildConfigurations = (
				CE1B4740209C292300189F98 /* Debug */,
				CE1B4741209C292300189F98 /* Release */,
			);
			defaultConfigurationIsVisible = 0;
			defaultConfigurationName = Release;
		};
		CE1B4742209C292300189F98 /* Build configuration list for PBXNativeTarget "NetWork" */ = {
			isa = XCConfigurationList;
			buildConfigurations = (
				CE1B4743209C292300189F98 /* Debug */,
				CE1B4744209C292300189F98 /* Release */,
			);
			defaultConfigurationIsVisible = 0;
			defaultConfigurationName = Release;
		};
/* End XCConfigurationList section */
	};
	rootObject = CE1B4724209C292200189F98 /* Project object */;
}
